// !$*UTF8*$!
{
	archiveVersion = 1;
	classes = {
	};
	objectVersion = 51;
	objects = {

/* Begin PBXBuildFile section */
		07DD0562A1B9955830928BB9 /* Pods_GSBaseMVVM.framework in Frameworks */ = {isa = PBXBuildFile; fileRef = 6E7A51A03DCB6E02D962E475 /* Pods_GSBaseMVVM.framework */; };
		5900F7B6241347580061F5FF /* UserViewController.swift in Sources */ = {isa = PBXBuildFile; fileRef = 5900F7B5241347580061F5FF /* UserViewController.swift */; };
		5900F7B9241348FF0061F5FF /* StringConstant.swift in Sources */ = {isa = PBXBuildFile; fileRef = 5900F7B8241348FF0061F5FF /* StringConstant.swift */; };
		5900F7BC2413496B0061F5FF /* UIViewExtension.swift in Sources */ = {isa = PBXBuildFile; fileRef = 5900F7BB2413496B0061F5FF /* UIViewExtension.swift */; };
		5900F7BE24134A100061F5FF /* ApiConstant.swift in Sources */ = {isa = PBXBuildFile; fileRef = 5900F7BD24134A100061F5FF /* ApiConstant.swift */; };
		5999B07924135DBD00F0A334 /* UserTableCell.swift in Sources */ = {isa = PBXBuildFile; fileRef = 5999B07724135DBD00F0A334 /* UserTableCell.swift */; };
		5999B07A24135DBD00F0A334 /* UserTableCell.xib in Resources */ = {isa = PBXBuildFile; fileRef = 5999B07824135DBD00F0A334 /* UserTableCell.xib */; };
		5999B07C24135DFA00F0A334 /* CellIdentifier.swift in Sources */ = {isa = PBXBuildFile; fileRef = 5999B07B24135DFA00F0A334 /* CellIdentifier.swift */; };
		59AACE3D24058E8F00D1CE35 /* AppDelegate.swift in Sources */ = {isa = PBXBuildFile; fileRef = 59AACE3C24058E8F00D1CE35 /* AppDelegate.swift */; };
		59AACE3F24058E8F00D1CE35 /* SceneDelegate.swift in Sources */ = {isa = PBXBuildFile; fileRef = 59AACE3E24058E8F00D1CE35 /* SceneDelegate.swift */; };
		59AACE4424058E8F00D1CE35 /* Main.storyboard in Resources */ = {isa = PBXBuildFile; fileRef = 59AACE4224058E8F00D1CE35 /* Main.storyboard */; };
		59AACE4624058E9000D1CE35 /* Assets.xcassets in Resources */ = {isa = PBXBuildFile; fileRef = 59AACE4524058E9000D1CE35 /* Assets.xcassets */; };
		59AACE4924058E9000D1CE35 /* LaunchScreen.storyboard in Resources */ = {isa = PBXBuildFile; fileRef = 59AACE4724058E9000D1CE35 /* LaunchScreen.storyboard */; };
		59AACE5624058EBA00D1CE35 /* Constant.swift in Sources */ = {isa = PBXBuildFile; fileRef = 59AACE5124058EBA00D1CE35 /* Constant.swift */; };
		59AACE5724058EBA00D1CE35 /* User.swift in Sources */ = {isa = PBXBuildFile; fileRef = 59AACE5524058EBA00D1CE35 /* User.swift */; };
		59AACE5A2405900E00D1CE35 /* NetworkManager.swift in Sources */ = {isa = PBXBuildFile; fileRef = 59AACE592405900E00D1CE35 /* NetworkManager.swift */; };
		59AACE5E2405921600D1CE35 /* UserViewModel.swift in Sources */ = {isa = PBXBuildFile; fileRef = 59AACE5D2405921600D1CE35 /* UserViewModel.swift */; };
		59AACE60240592F500D1CE35 /* README.md in Resources */ = {isa = PBXBuildFile; fileRef = 59AACE5F240592F500D1CE35 /* README.md */; };
/* End PBXBuildFile section */

/* Begin PBXFileReference section */
		5900F7B5241347580061F5FF /* UserViewController.swift */ = {isa = PBXFileReference; lastKnownFileType = sourcecode.swift; path = UserViewController.swift; sourceTree = "<group>"; };
		5900F7B8241348FF0061F5FF /* StringConstant.swift */ = {isa = PBXFileReference; fileEncoding = 4; lastKnownFileType = sourcecode.swift; path = StringConstant.swift; sourceTree = "<group>"; };
		5900F7BB2413496B0061F5FF /* UIViewExtension.swift */ = {isa = PBXFileReference; fileEncoding = 4; lastKnownFileType = sourcecode.swift; path = UIViewExtension.swift; sourceTree = "<group>"; };
		5900F7BD24134A100061F5FF /* ApiConstant.swift */ = {isa = PBXFileReference; fileEncoding = 4; lastKnownFileType = sourcecode.swift; path = ApiConstant.swift; sourceTree = "<group>"; };
		5999B07724135DBD00F0A334 /* UserTableCell.swift */ = {isa = PBXFileReference; lastKnownFileType = sourcecode.swift; path = UserTableCell.swift; sourceTree = "<group>"; };
		5999B07824135DBD00F0A334 /* UserTableCell.xib */ = {isa = PBXFileReference; lastKnownFileType = file.xib; path = UserTableCell.xib; sourceTree = "<group>"; };
		5999B07B24135DFA00F0A334 /* CellIdentifier.swift */ = {isa = PBXFileReference; lastKnownFileType = sourcecode.swift; path = CellIdentifier.swift; sourceTree = "<group>"; };
		59AACE3924058E8F00D1CE35 /* GSBaseMVVM.app */ = {isa = PBXFileReference; explicitFileType = wrapper.application; includeInIndex = 0; path = GSBaseMVVM.app; sourceTree = BUILT_PRODUCTS_DIR; };
		59AACE3C24058E8F00D1CE35 /* AppDelegate.swift */ = {isa = PBXFileReference; lastKnownFileType = sourcecode.swift; path = AppDelegate.swift; sourceTree = "<group>"; };
		59AACE3E24058E8F00D1CE35 /* SceneDelegate.swift */ = {isa = PBXFileReference; lastKnownFileType = sourcecode.swift; path = SceneDelegate.swift; sourceTree = "<group>"; };
		59AACE4324058E8F00D1CE35 /* Base */ = {isa = PBXFileReference; lastKnownFileType = file.storyboard; name = Base; path = Base.lproj/Main.storyboard; sourceTree = "<group>"; };
		59AACE4524058E9000D1CE35 /* Assets.xcassets */ = {isa = PBXFileReference; lastKnownFileType = folder.assetcatalog; path = Assets.xcassets; sourceTree = "<group>"; };
		59AACE4824058E9000D1CE35 /* Base */ = {isa = PBXFileReference; lastKnownFileType = file.storyboard; name = Base; path = Base.lproj/LaunchScreen.storyboard; sourceTree = "<group>"; };
		59AACE4A24058E9000D1CE35 /* Info.plist */ = {isa = PBXFileReference; lastKnownFileType = text.plist.xml; path = Info.plist; sourceTree = "<group>"; };
		59AACE5124058EBA00D1CE35 /* Constant.swift */ = {isa = PBXFileReference; fileEncoding = 4; lastKnownFileType = sourcecode.swift; path = Constant.swift; sourceTree = "<group>"; };
		59AACE5524058EBA00D1CE35 /* User.swift */ = {isa = PBXFileReference; fileEncoding = 4; lastKnownFileType = sourcecode.swift; path = User.swift; sourceTree = "<group>"; };
		59AACE592405900E00D1CE35 /* NetworkManager.swift */ = {isa = PBXFileReference; lastKnownFileType = sourcecode.swift; path = NetworkManager.swift; sourceTree = "<group>"; };
		59AACE5D2405921600D1CE35 /* UserViewModel.swift */ = {isa = PBXFileReference; lastKnownFileType = sourcecode.swift; path = UserViewModel.swift; sourceTree = "<group>"; };
		59AACE5F240592F500D1CE35 /* README.md */ = {isa = PBXFileReference; lastKnownFileType = net.daringfireball.markdown; path = README.md; sourceTree = "<group>"; };
		6E7A51A03DCB6E02D962E475 /* Pods_GSBaseMVVM.framework */ = {isa = PBXFileReference; explicitFileType = wrapper.framework; includeInIndex = 0; path = Pods_GSBaseMVVM.framework; sourceTree = BUILT_PRODUCTS_DIR; };
		75A087FEEFD1968563E6922A /* Pods-GSBaseMVVM.debug.xcconfig */ = {isa = PBXFileReference; includeInIndex = 1; lastKnownFileType = text.xcconfig; name = "Pods-GSBaseMVVM.debug.xcconfig"; path = "Target Support Files/Pods-GSBaseMVVM/Pods-GSBaseMVVM.debug.xcconfig"; sourceTree = "<group>"; };
		BB7A8BD891065CE0376A5FFE /* Pods-GSBaseMVVM.release.xcconfig */ = {isa = PBXFileReference; includeInIndex = 1; lastKnownFileType = text.xcconfig; name = "Pods-GSBaseMVVM.release.xcconfig"; path = "Target Support Files/Pods-GSBaseMVVM/Pods-GSBaseMVVM.release.xcconfig"; sourceTree = "<group>"; };
/* End PBXFileReference section */

/* Begin PBXFrameworksBuildPhase section */
		59AACE3624058E8F00D1CE35 /* Frameworks */ = {
			isa = PBXFrameworksBuildPhase;
			buildActionMask = 2147483647;
			files = (
				07DD0562A1B9955830928BB9 /* Pods_GSBaseMVVM.framework in Frameworks */,
			);
			runOnlyForDeploymentPostprocessing = 0;
		};
/* End PBXFrameworksBuildPhase section */

/* Begin PBXGroup section */
		38E705A1BC947A2410D4334D /* Pods */ = {
			isa = PBXGroup;
			children = (
				75A087FEEFD1968563E6922A /* Pods-GSBaseMVVM.debug.xcconfig */,
				BB7A8BD891065CE0376A5FFE /* Pods-GSBaseMVVM.release.xcconfig */,
			);
			path = Pods;
			sourceTree = "<group>";
		};
		47FE9CDB3C9757C76BFDBC7F /* Frameworks */ = {
			isa = PBXGroup;
			children = (
				6E7A51A03DCB6E02D962E475 /* Pods_GSBaseMVVM.framework */,
			);
			name = Frameworks;
			sourceTree = "<group>";
		};
		5900F7B7241348E50061F5FF /* Constant */ = {
			isa = PBXGroup;
			children = (
				5900F7B8241348FF0061F5FF /* StringConstant.swift */,
				59AACE5124058EBA00D1CE35 /* Constant.swift */,
				5999B07B24135DFA00F0A334 /* CellIdentifier.swift */,
			);
			path = Constant;
			sourceTree = "<group>";
		};
		5900F7BA2413496B0061F5FF /* Extensions */ = {
			isa = PBXGroup;
			children = (
				5900F7BB2413496B0061F5FF /* UIViewExtension.swift */,
			);
			path = Extensions;
			sourceTree = "<group>";
		};
		59AACE3024058E8F00D1CE35 = {
			isa = PBXGroup;
			children = (
				59AACE5F240592F500D1CE35 /* README.md */,
				59AACE3B24058E8F00D1CE35 /* GSBaseMVVM */,
				59AACE3A24058E8F00D1CE35 /* Products */,
				38E705A1BC947A2410D4334D /* Pods */,
				47FE9CDB3C9757C76BFDBC7F /* Frameworks */,
			);
			sourceTree = "<group>";
		};
		59AACE3A24058E8F00D1CE35 /* Products */ = {
			isa = PBXGroup;
			children = (
				59AACE3924058E8F00D1CE35 /* GSBaseMVVM.app */,
			);
			name = Products;
			sourceTree = "<group>";
		};
		59AACE3B24058E8F00D1CE35 /* GSBaseMVVM */ = {
			isa = PBXGroup;
			children = (
				59AACE3C24058E8F00D1CE35 /* AppDelegate.swift */,
				59AACE3E24058E8F00D1CE35 /* SceneDelegate.swift */,
				59AACE4224058E8F00D1CE35 /* Main.storyboard */,
				59AACE5424058EBA00D1CE35 /* Model */,
				59AACE5224058EBA00D1CE35 /* View */,
				59AACE5324058EBA00D1CE35 /* ViewModel */,
				59AACE5024058EBA00D1CE35 /* Global */,
				59AACE4524058E9000D1CE35 /* Assets.xcassets */,
				59AACE4724058E9000D1CE35 /* LaunchScreen.storyboard */,
				59AACE4A24058E9000D1CE35 /* Info.plist */,
			);
			path = GSBaseMVVM;
			sourceTree = "<group>";
		};
		59AACE5024058EBA00D1CE35 /* Global */ = {
			isa = PBXGroup;
			children = (
				5900F7BA2413496B0061F5FF /* Extensions */,
				5900F7B7241348E50061F5FF /* Constant */,
				59AACE582405900000D1CE35 /* Network */,
			);
			path = Global;
			sourceTree = "<group>";
		};
		59AACE5224058EBA00D1CE35 /* View */ = {
			isa = PBXGroup;
			children = (
				5999B07724135DBD00F0A334 /* UserTableCell.swift */,
				5999B07824135DBD00F0A334 /* UserTableCell.xib */,
				5900F7B5241347580061F5FF /* UserViewController.swift */,
			);
			path = View;
			sourceTree = "<group>";
		};
		59AACE5324058EBA00D1CE35 /* ViewModel */ = {
			isa = PBXGroup;
			children = (
				59AACE5D2405921600D1CE35 /* UserViewModel.swift */,
			);
			path = ViewModel;
			sourceTree = "<group>";
		};
		59AACE5424058EBA00D1CE35 /* Model */ = {
			isa = PBXGroup;
			children = (
				59AACE5524058EBA00D1CE35 /* User.swift */,
			);
			path = Model;
			sourceTree = "<group>";
		};
		59AACE582405900000D1CE35 /* Network */ = {
			isa = PBXGroup;
			children = (
				5900F7BD24134A100061F5FF /* ApiConstant.swift */,
				59AACE592405900E00D1CE35 /* NetworkManager.swift */,
			);
			path = Network;
			sourceTree = "<group>";
		};
/* End PBXGroup section */

/* Begin PBXNativeTarget section */
		59AACE3824058E8F00D1CE35 /* GSBaseMVVM */ = {
			isa = PBXNativeTarget;
			buildConfigurationList = 59AACE4D24058E9000D1CE35 /* Build configuration list for PBXNativeTarget "GSBaseMVVM" */;
			buildPhases = (
				FA21C8EFB41FC3757DD31274 /* [CP] Check Pods Manifest.lock */,
				59AACE3524058E8F00D1CE35 /* Sources */,
				59AACE3624058E8F00D1CE35 /* Frameworks */,
				59AACE3724058E8F00D1CE35 /* Resources */,
				41CFB38241129A4552E6D455 /* [CP] Embed Pods Frameworks */,
			);
			buildRules = (
			);
			dependencies = (
			);
			name = GSBaseMVVM;
			productName = GSBaseMVVM;
			productReference = 59AACE3924058E8F00D1CE35 /* GSBaseMVVM.app */;
			productType = "com.apple.product-type.application";
		};
/* End PBXNativeTarget section */

/* Begin PBXProject section */
		59AACE3124058E8F00D1CE35 /* Project object */ = {
			isa = PBXProject;
			attributes = {
				LastSwiftUpdateCheck = 1130;
				LastUpgradeCheck = 1130;
				ORGANIZATIONNAME = iGatiTech;
				TargetAttributes = {
					59AACE3824058E8F00D1CE35 = {
						CreatedOnToolsVersion = 11.3.1;
					};
				};
			};
			buildConfigurationList = 59AACE3424058E8F00D1CE35 /* Build configuration list for PBXProject "GSBaseMVVM" */;
			compatibilityVersion = "Xcode 9.3";
			developmentRegion = en;
			hasScannedForEncodings = 0;
			knownRegions = (
				en,
				Base,
			);
			mainGroup = 59AACE3024058E8F00D1CE35;
			productRefGroup = 59AACE3A24058E8F00D1CE35 /* Products */;
			projectDirPath = "";
			projectRoot = "";
			targets = (
				59AACE3824058E8F00D1CE35 /* GSBaseMVVM */,
			);
		};
/* End PBXProject section */

/* Begin PBXResourcesBuildPhase section */
		59AACE3724058E8F00D1CE35 /* Resources */ = {
			isa = PBXResourcesBuildPhase;
			buildActionMask = 2147483647;
			files = (
				5999B07A24135DBD00F0A334 /* UserTableCell.xib in Resources */,
				59AACE4924058E9000D1CE35 /* LaunchScreen.storyboard in Resources */,
				59AACE4624058E9000D1CE35 /* Assets.xcassets in Resources */,
				59AACE60240592F500D1CE35 /* README.md in Resources */,
				59AACE4424058E8F00D1CE35 /* Main.storyboard in Resources */,
			);
			runOnlyForDeploymentPostprocessing = 0;
		};
/* End PBXResourcesBuildPhase section */

/* Begin PBXShellScriptBuildPhase section */
		41CFB38241129A4552E6D455 /* [CP] Embed Pods Frameworks */ = {
			isa = PBXShellScriptBuildPhase;
			buildActionMask = 2147483647;
			files = (
			);
			inputFileListPaths = (
				"${PODS_ROOT}/Target Support Files/Pods-GSBaseMVVM/Pods-GSBaseMVVM-frameworks-${CONFIGURATION}-input-files.xcfilelist",
			);
			name = "[CP] Embed Pods Frameworks";
			outputFileListPaths = (
				"${PODS_ROOT}/Target Support Files/Pods-GSBaseMVVM/Pods-GSBaseMVVM-frameworks-${CONFIGURATION}-output-files.xcfilelist",
			);
			runOnlyForDeploymentPostprocessing = 0;
			shellPath = /bin/sh;
			shellScript = "\"${PODS_ROOT}/Target Support Files/Pods-GSBaseMVVM/Pods-GSBaseMVVM-frameworks.sh\"\n";
			showEnvVarsInLog = 0;
		};
		FA21C8EFB41FC3757DD31274 /* [CP] Check Pods Manifest.lock */ = {
			isa = PBXShellScriptBuildPhase;
			buildActionMask = 2147483647;
			files = (
			);
			inputFileListPaths = (
			);
			inputPaths = (
				"${PODS_PODFILE_DIR_PATH}/Podfile.lock",
				"${PODS_ROOT}/Manifest.lock",
			);
			name = "[CP] Check Pods Manifest.lock";
			outputFileListPaths = (
			);
			outputPaths = (
				"$(DERIVED_FILE_DIR)/Pods-GSBaseMVVM-checkManifestLockResult.txt",
			);
			runOnlyForDeploymentPostprocessing = 0;
			shellPath = /bin/sh;
			shellScript = "diff \"${PODS_PODFILE_DIR_PATH}/Podfile.lock\" \"${PODS_ROOT}/Manifest.lock\" > /dev/null\nif [ $? != 0 ] ; then\n    # print error to STDERR\n    echo \"error: The sandbox is not in sync with the Podfile.lock. Run 'pod install' or update your CocoaPods installation.\" >&2\n    exit 1\nfi\n# This output is used by Xcode 'outputs' to avoid re-running this script phase.\necho \"SUCCESS\" > \"${SCRIPT_OUTPUT_FILE_0}\"\n";
			showEnvVarsInLog = 0;
		};
/* End PBXShellScriptBuildPhase section */

/* Begin PBXSourcesBuildPhase section */
		59AACE3524058E8F00D1CE35 /* Sources */ = {
			isa = PBXSourcesBuildPhase;
			buildActionMask = 2147483647;
			files = (
				5900F7B6241347580061F5FF /* UserViewController.swift in Sources */,
				5900F7BE24134A100061F5FF /* ApiConstant.swift in Sources */,
				5900F7BC2413496B0061F5FF /* UIViewExtension.swift in Sources */,
				59AACE5E2405921600D1CE35 /* UserViewModel.swift in Sources */,
				59AACE5A2405900E00D1CE35 /* NetworkManager.swift in Sources */,
				5999B07924135DBD00F0A334 /* UserTableCell.swift in Sources */,
				5900F7B9241348FF0061F5FF /* StringConstant.swift in Sources */,
				59AACE3D24058E8F00D1CE35 /* AppDelegate.swift in Sources */,
				59AACE3F24058E8F00D1CE35 /* SceneDelegate.swift in Sources */,
				59AACE5724058EBA00D1CE35 /* User.swift in Sources */,
				5999B07C24135DFA00F0A334 /* CellIdentifier.swift in Sources */,
				59AACE5624058EBA00D1CE35 /* Constant.swift in Sources */,
			);
			runOnlyForDeploymentPostprocessing = 0;
		};
/* End PBXSourcesBuildPhase section */

/* Begin PBXVariantGroup section */
		59AACE4224058E8F00D1CE35 /* Main.storyboard */ = {
			isa = PBXVariantGroup;
			children = (
				59AACE4324058E8F00D1CE35 /* Base */,
			);
			name = Main.storyboard;
			sourceTree = "<group>";
		};
		59AACE4724058E9000D1CE35 /* LaunchScreen.storyboard */ = {
			isa = PBXVariantGroup;
			children = (
				59AACE4824058E9000D1CE35 /* Base */,
			);
			name = LaunchScreen.storyboard;
			sourceTree = "<group>";
		};
/* End PBXVariantGroup section */

/* Begin XCBuildConfiguration section */
		59AACE4B24058E9000D1CE35 /* Debug */ = {
			isa = XCBuildConfiguration;
			buildSettings = {
				ALWAYS_SEARCH_USER_PATHS = NO;
				CLANG_ANALYZER_NONNULL = YES;
				CLANG_ANALYZER_NUMBER_OBJECT_CONVERSION = YES_AGGRESSIVE;
				CLANG_CXX_LANGUAGE_STANDARD = "gnu++14";
				CLANG_CXX_LIBRARY = "libc++";
				CLANG_ENABLE_MODULES = YES;
				CLANG_ENABLE_OBJC_ARC = YES;
				CLANG_ENABLE_OBJC_WEAK = YES;
				CLANG_WARN_BLOCK_CAPTURE_AUTORELEASING = YES;
				CLANG_WARN_BOOL_CONVERSION = YES;
				CLANG_WARN_COMMA = YES;
				CLANG_WARN_CONSTANT_CONVERSION = YES;
				CLANG_WARN_DEPRECATED_OBJC_IMPLEMENTATIONS = YES;
				CLANG_WARN_DIRECT_OBJC_ISA_USAGE = YES_ERROR;
				CLANG_WARN_DOCUMENTATION_COMMENTS = YES;
				CLANG_WARN_EMPTY_BODY = YES;
				CLANG_WARN_ENUM_CONVERSION = YES;
				CLANG_WARN_INFINITE_RECURSION = YES;
				CLANG_WARN_INT_CONVERSION = YES;
				CLANG_WARN_NON_LITERAL_NULL_CONVERSION = YES;
				CLANG_WARN_OBJC_IMPLICIT_RETAIN_SELF = YES;
				CLANG_WARN_OBJC_LITERAL_CONVERSION = YES;
				CLANG_WARN_OBJC_ROOT_CLASS = YES_ERROR;
				CLANG_WARN_RANGE_LOOP_ANALYSIS = YES;
				CLANG_WARN_STRICT_PROTOTYPES = YES;
				CLANG_WARN_SUSPICIOUS_MOVE = YES;
				CLANG_WARN_UNGUARDED_AVAILABILITY = YES_AGGRESSIVE;
				CLANG_WARN_UNREACHABLE_CODE = YES;
				CLANG_WARN__DUPLICATE_METHOD_MATCH = YES;
				COPY_PHASE_STRIP = NO;
				DEBUG_INFORMATION_FORMAT = dwarf;
				ENABLE_STRICT_OBJC_MSGSEND = YES;
				ENABLE_TESTABILITY = YES;
				GCC_C_LANGUAGE_STANDARD = gnu11;
				GCC_DYNAMIC_NO_PIC = NO;
				GCC_NO_COMMON_BLOCKS = YES;
				GCC_OPTIMIZATION_LEVEL = 0;
				GCC_PREPROCESSOR_DEFINITIONS = (
					"DEBUG=1",
					"$(inherited)",
				);
				GCC_WARN_64_TO_32_BIT_CONVERSION = YES;
				GCC_WARN_ABOUT_RETURN_TYPE = YES_ERROR;
				GCC_WARN_UNDECLARED_SELECTOR = YES;
				GCC_WARN_UNINITIALIZED_AUTOS = YES_AGGRESSIVE;
				GCC_WARN_UNUSED_FUNCTION = YES;
				GCC_WARN_UNUSED_VARIABLE = YES;
				IPHONEOS_DEPLOYMENT_TARGET = 13.2;
				MTL_ENABLE_DEBUG_INFO = INCLUDE_SOURCE;
				MTL_FAST_MATH = YES;
				ONLY_ACTIVE_ARCH = YES;
				SDKROOT = iphoneos;
				SWIFT_ACTIVE_COMPILATION_CONDITIONS = DEBUG;
				SWIFT_OPTIMIZATION_LEVEL = "-Onone";
			};
			name = Debug;
		};
		59AACE4C24058E9000D1CE35 /* Release */ = {
			isa = XCBuildConfiguration;
			buildSettings = {
				ALWAYS_SEARCH_USER_PATHS = NO;
				CLANG_ANALYZER_NONNULL = YES;
				CLANG_ANALYZER_NUMBER_OBJECT_CONVERSION = YES_AGGRESSIVE;
				CLANG_CXX_LANGUAGE_STANDARD = "gnu++14";
				CLANG_CXX_LIBRARY = "libc++";
				CLANG_ENABLE_MODULES = YES;
				CLANG_ENABLE_OBJC_ARC = YES;
				CLANG_ENABLE_OBJC_WEAK = YES;
				CLANG_WARN_BLOCK_CAPTURE_AUTORELEASING = YES;
				CLANG_WARN_BOOL_CONVERSION = YES;
				CLANG_WARN_COMMA = YES;
				CLANG_WARN_CONSTANT_CONVERSION = YES;
				CLANG_WARN_DEPRECATED_OBJC_IMPLEMENTATIONS = YES;
				CLANG_WARN_DIRECT_OBJC_ISA_USAGE = YES_ERROR;
				CLANG_WARN_DOCUMENTATION_COMMENTS = YES;
				CLANG_WARN_EMPTY_BODY = YES;
				CLANG_WARN_ENUM_CONVERSION = YES;
				CLANG_WARN_INFINITE_RECURSION = YES;
				CLANG_WARN_INT_CONVERSION = YES;
				CLANG_WARN_NON_LITERAL_NULL_CONVERSION = YES;
				CLANG_WARN_OBJC_IMPLICIT_RETAIN_SELF = YES;
				CLANG_WARN_OBJC_LITERAL_CONVERSION = YES;
				CLANG_WARN_OBJC_ROOT_CLASS = YES_ERROR;
				CLANG_WARN_RANGE_LOOP_ANALYSIS = YES;
				CLANG_WARN_STRICT_PROTOTYPES = YES;
				CLANG_WARN_SUSPICIOUS_MOVE = YES;
				CLANG_WARN_UNGUARDED_AVAILABILITY = YES_AGGRESSIVE;
				CLANG_WARN_UNREACHABLE_CODE = YES;
				CLANG_WARN__DUPLICATE_METHOD_MATCH = YES;
				COPY_PHASE_STRIP = NO;
				DEBUG_INFORMATION_FORMAT = "dwarf-with-dsym";
				ENABLE_NS_ASSERTIONS = NO;
				ENABLE_STRICT_OBJC_MSGSEND = YES;
				GCC_C_LANGUAGE_STANDARD = gnu11;
				GCC_NO_COMMON_BLOCKS = YES;
				GCC_WARN_64_TO_32_BIT_CONVERSION = YES;
				GCC_WARN_ABOUT_RETURN_TYPE = YES_ERROR;
				GCC_WARN_UNDECLARED_SELECTOR = YES;
				GCC_WARN_UNINITIALIZED_AUTOS = YES_AGGRESSIVE;
				GCC_WARN_UNUSED_FUNCTION = YES;
				GCC_WARN_UNUSED_VARIABLE = YES;
				IPHONEOS_DEPLOYMENT_TARGET = 13.2;
				MTL_ENABLE_DEBUG_INFO = NO;
				MTL_FAST_MATH = YES;
				SDKROOT = iphoneos;
				SWIFT_COMPILATION_MODE = wholemodule;
				SWIFT_OPTIMIZATION_LEVEL = "-O";
				VALIDATE_PRODUCT = YES;
			};
			name = Release;
		};
		59AACE4E24058E9000D1CE35 /* Debug */ = {
			isa = XCBuildConfiguration;
			baseConfigurationReference = 75A087FEEFD1968563E6922A /* Pods-GSBaseMVVM.debug.xcconfig */;
			buildSettings = {
				ASSETCATALOG_COMPILER_APPICON_NAME = AppIcon;
				CODE_SIGN_STYLE = Automatic;
				INFOPLIST_FILE = GSBaseMVVM/Info.plist;
				LD_RUNPATH_SEARCH_PATHS = (
					"$(inherited)",
					"@executable_path/Frameworks",
				);
				PRODUCT_BUNDLE_IDENTIFIER = com.iGatiTech.GSBaseMVVM;
				PRODUCT_NAME = "$(TARGET_NAME)";
				SWIFT_VERSION = 5.0;
				TARGETED_DEVICE_FAMILY = "1,2";
			};
			name = Debug;
		};
		59AACE4F24058E9000D1CE35 /* Release */ = {
			isa = XCBuildConfiguration;
			baseConfigurationReference = BB7A8BD891065CE0376A5FFE /* Pods-GSBaseMVVM.release.xcconfig */;
			buildSettings = {
				ASSETCATALOG_COMPILER_APPICON_NAME = AppIcon;
				CODE_SIGN_STYLE = Automatic;
				INFOPLIST_FILE = GSBaseMVVM/Info.plist;
				LD_RUNPATH_SEARCH_PATHS = (
					"$(inherited)",
					"@executable_path/Frameworks",
				);
				PRODUCT_BUNDLE_IDENTIFIER = com.iGatiTech.GSBaseMVVM;
				PRODUCT_NAME = "$(TARGET_NAME)";
				SWIFT_VERSION = 5.0;
				TARGETED_DEVICE_FAMILY = "1,2";
			};
			name = Release;
		};
/* End XCBuildConfiguration section */

/* Begin XCConfigurationList section */
		59AACE3424058E8F00D1CE35 /* Build configuration list for PBXProject "GSBaseMVVM" */ = {
			isa = XCConfigurationList;
			buildConfigurations = (
				59AACE4B24058E9000D1CE35 /* Debug */,
				59AACE4C24058E9000D1CE35 /* Release */,
			);
			defaultConfigurationIsVisible = 0;
			defaultConfigurationName = Release;
		};
		59AACE4D24058E9000D1CE35 /* Build configuration list for PBXNativeTarget "GSBaseMVVM" */ = {
			isa = XCConfigurationList;
			buildConfigurations = (
				59AACE4E24058E9000D1CE35 /* Debug */,
				59AACE4F24058E9000D1CE35 /* Release */,
			);
			defaultConfigurationIsVisible = 0;
			defaultConfigurationName = Release;
		};
/* End XCConfigurationList section */
	};
	rootObject = 59AACE3124058E8F00D1CE35 /* Project object */;
}
